
Microsoft Visual Studio Solution File, Format Version 12.00
# Visual Studio Version 17
VisualStudioVersion = 17.8.34511.84
MinimumVisualStudioVersion = 10.0.40219.1
Project("{9A19103F-16F7-4668-BE54-9A1E7A4F7556}") = "WPFDashboard3", "WPFDashboard3.csproj", "{0209596F-61EF-4631-94BB-633EEA93DB14}"
EndProject
Global
	GlobalSection(SolutionConfigurationPlatforms) = preSolution
		Debug|Any CPU = Debug|Any CPU
		Release|Any CPU = Release|Any CPU
	EndGlobalSection
	GlobalSection(ProjectConfigurationPlatforms) = postSolution
		{0209596F-61EF-4631-94BB-633EEA93DB14}.Debug|Any CPU.ActiveCfg = Debug|Any CPU
		{0209596F-61EF-4631-94BB-633EEA93DB14}.Debug|Any CPU.Build.0 = Debug|Any CPU
		{0209596F-61EF-4631-94BB-633EEA93DB14}.Release|Any CPU.ActiveCfg = Release|Any CPU
		{0209596F-61EF-4631-94BB-633EEA93DB14}.Release|Any CPU.Build.0 = Release|Any CPU
	EndGlobalSection
	GlobalSection(SolutionProperties) = preSolution
		HideSolutionNode = FALSE
	EndGlobalSection
	GlobalSection(ExtensibilityGlobals) = postSolution
		SolutionGuid = {016EA273-37EB-4068-A53E-91638C699425}
	EndGlobalSection
EndGlobal
